# This file was autogenerated by Stack.
# You should not edit this file by hand.
# For more information, please see the documentation at:
#   https://docs.haskellstack.org/en/stable/lock_files

packages:
- completed:
    hackage: accelerate-1.3.0.0@sha256:f19e43687e9a306fddaddfa68a764b157ceb2522d9a821e31bc3353c730fda2b,20995
    pantry-tree:
      size: 13459
      sha256: 00e83fbc4576aea9d8efdaf4e04fa2a6d1c5a1551bd733a63f4b7aaf46b472c9
  original:
    hackage: accelerate-1.3.0.0
- completed:
    hackage: accelerate-llvm-1.3.0.0@sha256:06dc3779b3577ed41b2ddf2421452b566f290dce53df83d027938d41f2d5ec82,6054
    pantry-tree:
      size: 4685
      sha256: 2d427a3426a3a5c1a60aec58dd079cc12a0db28f69ea022b042e94775a690d1a
  original:
    hackage: accelerate-llvm-1.3.0.0
- completed:
    hackage: accelerate-llvm-native-1.3.0.0@sha256:8d0b8fcbce1595cb380ee6bb892efffeb3abffd050550322d8b35b7f23e27481,6329
    pantry-tree:
      size: 3677
      sha256: d0e5ff709881066cb4fcd27326aa15bd5817e25a1c9ef869d7f845905bfc826c
  original:
    hackage: accelerate-llvm-native-1.3.0.0
snapshots:
- completed:
    size: 567241
    url: https://raw.githubusercontent.com/commercialhaskell/stackage-snapshots/master/lts/17/10.yaml
    sha256: 321b3b9f0c7f76994b39e0dabafdc76478274b4ff74cc5e43d410897a335ad3b
  original: lts-17.10
